
Microsoft Visual Studio Solution File, Format Version 12.00
# Visual Studio Version 16
VisualStudioVersion = 16.0.30011.22
MinimumVisualStudioVersion = 10.0.40219.1
Project("{FAE04EC0-301F-11D3-BF4B-00C04F79EFBC}") = "Calculator", "Calculator.csproj", "{BBABB9DE-EABF-4F8D-A05F-1F7117EFB96F}"
EndProject
Global
	GlobalSection(SolutionConfigurationPlatforms) = preSolution
		Debug|Any CPU = Debug|Any CPU
		Release|Any CPU = Release|Any CPU
	EndGlobalSection
	GlobalSection(ProjectConfigurationPlatforms) = postSolution
		{BBABB9DE-EABF-4F8D-A05F-1F7117EFB96F}.Debug|Any CPU.ActiveCfg = Debug|Any CPU
		{BBABB9DE-EABF-4F8D-A05F-1F7117EFB96F}.Debug|Any CPU.Build.0 = Debug|Any CPU
		{BBABB9DE-EABF-4F8D-A05F-1F7117EFB96F}.Release|Any CPU.ActiveCfg = Release|Any CPU
		{BBABB9DE-EABF-4F8D-A05F-1F7117EFB96F}.Release|Any CPU.Build.0 = Release|Any CPU
	EndGlobalSection
	GlobalSection(SolutionProperties) = preSolution
		HideSolutionNode = FALSE
	EndGlobalSection
	GlobalSection(ExtensibilityGlobals) = postSolution
		SolutionGuid = {7FF930BC-62D5-418B-9A31-6988B1DC541D}
	EndGlobalSection
EndGlobal
